<?xml version="1.0" encoding="UTF-8" standalone="yes" ?>
<CodeBlocks_project_file>
	<FileVersion major="1" minor="6" />
	<Project>
		<Option title="tests_with_crt" />
		<Option pch_mode="2" />
		<Option compiler="gcc" />
		<Build>
			<Target title="Win64Debug">
				<Option output="../bin/tests_with_crtd" prefix_auto="1" extension_auto="1" />
				<Option object_output="../obj/debug/" />
				<Option type="1" />
				<Option compiler="gcc" />
				<Compiler>
					<Add option="-g" />
					<Add option="-D_DEBUG" />
					<Add option="-DWIN32" />
					<Add option="-D_CONSOLE" />
				</Compiler>
				<Linker>
					<Add library="rprd" />
				</Linker>
			</Target>
			<Target title="Win64Release">
				<Option output="../bin/tests_with_crt" prefix_auto="1" extension_auto="1" />
				<Option object_output="../obj/release/" />
				<Option type="1" />
				<Option compiler="gcc" />
				<Compiler>
					<Add option="-O2" />
					<Add option="-DNDEBUG" />
					<Add option="-DWIN32" />
					<Add option="-D_CONSOLE" />
				</Compiler>
				<Linker>
					<Add option="-s" />
					<Add library="rpr" />
				</Linker>
			</Target>
		</Build>
		<Compiler>
			<Add option="-Wall" />
			<Add option="-mno-stack-arg-probe -fno-stack-check -fno-stack-protector -finput-charset=cp1252 -Wno-long-long" />
			<Add directory="../../../rpr/include" />
			<Add directory="../include" />
		</Compiler>
		<Linker>
			<Add directory="../../../rpr/lib" />
		</Linker>
		<Unit filename="../include/zz_resources.h" />
		<Unit filename="../include/zz_utils.h" />
		<Unit filename="../src/zz_main.c">
			<Option compilerVar="CC" />
		</Unit>
		<Unit filename="../src/zz_test_memory_compare.c">
			<Option compilerVar="CC" />
		</Unit>
		<Unit filename="../src/zz_test_memory_copy.c">
			<Option compilerVar="CC" />
		</Unit>
		<Unit filename="../src/zz_test_memory_move.c">
			<Option compilerVar="CC" />
		</Unit>
		<Unit filename="../src/zz_test_memory_set.c">
			<Option compilerVar="CC" />
		</Unit>
		<Unit filename="../src/zz_test_memory_zero.c">
			<Option compilerVar="CC" />
		</Unit>
		<Unit filename="../src/zz_utils.c">
			<Option compilerVar="CC" />
		</Unit>
		<Extensions>
			<lib_finder disable_auto="1" />
		</Extensions>
	</Project>
</CodeBlocks_project_file>
