<?xml version="1.0" encoding="utf-8"?>
<Project ToolsVersion="4.0" xmlns="http://schemas.microsoft.com/developer/msbuild/2003">
  <ItemGroup>
    <ClCompile Include="..\src\zz_main.c">
      <Filter>src</Filter>
    </ClCompile>
    <ClCompile Include="..\src\zz_mem.c">
      <Filter>src</Filter>
    </ClCompile>
    <ClCompile Include="..\src\utils\zz_utils.c">
      <Filter>src\utils</Filter>
    </ClCompile>
    <ClCompile Include="..\src\manual\zz_manual_test_env_var.c">
      <Filter>src\manual</Filter>
    </ClCompile>
    <ClCompile Include="..\src\manual\zz_manual_test_file_path.c">
      <Filter>src\manual</Filter>
    </ClCompile>
    <ClCompile Include="..\src\manual\zz_manual_tests.c">
      <Filter>src\manual</Filter>
    </ClCompile>
    <ClCompile Include="..\src\auto\zz_auto_tests.c">
      <Filter>src\auto</Filter>
    </ClCompile>
    <ClCompile Include="..\src\auto\zz_test_atomic.c">
      <Filter>src\auto</Filter>
    </ClCompile>
    <ClCompile Include="..\src\auto\zz_test_char.c">
      <Filter>src\auto</Filter>
    </ClCompile>
    <ClCompile Include="..\src\auto\zz_test_char8.c">
      <Filter>src\auto</Filter>
    </ClCompile>
    <ClCompile Include="..\src\auto\zz_test_critical_section.c">
      <Filter>src\auto</Filter>
    </ClCompile>
    <ClCompile Include="..\src\auto\zz_test_env_var.c">
      <Filter>src\auto</Filter>
    </ClCompile>
    <ClCompile Include="..\src\auto\zz_test_event.c">
      <Filter>src\auto</Filter>
    </ClCompile>
    <ClCompile Include="..\src\auto\zz_test_fast_initialization.c">
      <Filter>src\auto</Filter>
    </ClCompile>
    <ClCompile Include="..\src\auto\zz_test_file.c">
      <Filter>src\auto</Filter>
    </ClCompile>
    <ClCompile Include="..\src\auto\zz_test_file_path.c">
      <Filter>src\auto</Filter>
    </ClCompile>
    <ClCompile Include="..\src\auto\zz_test_file_system.c">
      <Filter>src\auto</Filter>
    </ClCompile>
    <ClCompile Include="..\src\auto\zz_test_io_device.c">
      <Filter>src\auto</Filter>
    </ClCompile>
    <ClCompile Include="..\src\auto\zz_test_memory.c">
      <Filter>src\auto</Filter>
    </ClCompile>
    <ClCompile Include="..\src\auto\zz_test_pipe.c">
      <Filter>src\auto</Filter>
    </ClCompile>
    <ClCompile Include="..\src\auto\zz_test_sleep.c">
      <Filter>src\auto</Filter>
    </ClCompile>
    <ClCompile Include="..\src\auto\zz_test_thread.c">
      <Filter>src\auto</Filter>
    </ClCompile>
    <ClCompile Include="..\src\auto\zz_test_virtual_memory.c">
      <Filter>src\auto</Filter>
    </ClCompile>
    <ClCompile Include="..\src\auto\zz_test_base64.c">
      <Filter>src\auto</Filter>
    </ClCompile>
    <ClCompile Include="..\src\auto\zz_test_command_line_args.c">
      <Filter>src\auto</Filter>
    </ClCompile>
    <ClCompile Include="..\src\zz_parse_args.c">
      <Filter>src</Filter>
    </ClCompile>
    <ClCompile Include="..\src\auto\zz_test_random.c">
      <Filter>src\auto</Filter>
    </ClCompile>
    <ClCompile Include="..\src\manual\zz_manual_test_temp_file.c">
      <Filter>src\manual</Filter>
    </ClCompile>
    <ClCompile Include="..\src\manual\zz_manual_test_os_version.c">
      <Filter>src\manual</Filter>
    </ClCompile>
    <ClCompile Include="..\src\auto\zz_test_static_heap.c">
      <Filter>src\auto</Filter>
    </ClCompile>
    <ClCompile Include="..\src\auto\zz_test_os_version.c">
      <Filter>src\auto</Filter>
    </ClCompile>
    <ClCompile Include="..\src\auto\zz_test_env_vars.c">
      <Filter>src\auto</Filter>
    </ClCompile>
    <ClCompile Include="..\src\manual\zz_manual_test_error_message.c">
      <Filter>src\manual</Filter>
    </ClCompile>
    <ClCompile Include="..\src\auto\zz_test_error_message.c">
      <Filter>src\auto</Filter>
    </ClCompile>
    <ClCompile Include="..\src\zz_display_args.c">
      <Filter>src</Filter>
    </ClCompile>
    <ClCompile Include="..\src\auto\zz_test_memory_input_stream.c">
      <Filter>src\auto</Filter>
    </ClCompile>
    <ClCompile Include="..\src\auto\zz_test_heap.c">
      <Filter>src\auto</Filter>
    </ClCompile>
    <ClCompile Include="..\src\auto\zz_test_memory_output_stream.c">
      <Filter>src\auto</Filter>
    </ClCompile>
    <ClCompile Include="..\src\auto\zz_test_slurp.c">
      <Filter>src\auto</Filter>
    </ClCompile>
    <ClCompile Include="..\src\auto\zz_test_encoding.c">
      <Filter>src\auto</Filter>
    </ClCompile>
    <ClCompile Include="..\src\manual\zz_manual_test_encoding.c">
      <Filter>src\manual</Filter>
    </ClCompile>
    <ClCompile Include="..\src\auto\zz_test_small_file.c">
      <Filter>src\auto</Filter>
    </ClCompile>
    <ClCompile Include="..\src\manual\zz_manual_test_console.c">
      <Filter>src\manual</Filter>
    </ClCompile>
    <ClCompile Include="..\src\zz_display_env_var.c">
      <Filter>src</Filter>
    </ClCompile>
    <ClCompile Include="..\src\manual\zz_manual_test_process.c">
      <Filter>src\manual</Filter>
    </ClCompile>
    <ClCompile Include="..\src\auto\zz_test_process.c">
      <Filter>src\auto</Filter>
    </ClCompile>
    <ClCompile Include="..\src\zz_read_line.c">
      <Filter>src</Filter>
    </ClCompile>
    <ClCompile Include="..\src\auto\zz_test_array.c">
      <Filter>src\auto</Filter>
    </ClCompile>
    <ClCompile Include="..\src\auto\zz_test_quick_sort.c">
      <Filter>src\auto</Filter>
    </ClCompile>
    <ClCompile Include="..\src\auto\zz_test_binary_search.c">
      <Filter>src\auto</Filter>
    </ClCompile>
    <ClCompile Include="..\src\auto\zz_test_sortable_array.c">
      <Filter>src\auto</Filter>
    </ClCompile>
    <ClCompile Include="..\src\auto\zz_test_url.c">
      <Filter>src\auto</Filter>
    </ClCompile>
    <ClCompile Include="..\src\manual\zz_manual_test_url.c">
      <Filter>src\manual</Filter>
    </ClCompile>
    <ClCompile Include="..\src\manual\zz_manual_test_types.c">
      <Filter>src\manual</Filter>
    </ClCompile>
    <ClCompile Include="..\src\auto\zz_test_socket_address.c">
      <Filter>src\auto</Filter>
    </ClCompile>
    <ClCompile Include="..\src\auto\zz_test_socket.c">
      <Filter>src\auto</Filter>
    </ClCompile>
    <ClCompile Include="..\src\auto\zz_test_select.c">
      <Filter>src\auto</Filter>
    </ClCompile>
    <ClCompile Include="..\src\auto\zz_test_address.c">
      <Filter>src\auto</Filter>
    </ClCompile>
    <ClCompile Include="..\src\auto\zz_test_list.c">
      <Filter>src\auto</Filter>
    </ClCompile>
    <ClCompile Include="..\src\auto\zz_test_hash_table.c">
      <Filter>src\auto</Filter>
    </ClCompile>
    <ClCompile Include="..\src\auto\zz_test_properties.c">
      <Filter>src\auto</Filter>
    </ClCompile>
    <ClCompile Include="..\src\auto\zz_test_unicode_code_point.c">
      <Filter>src\auto</Filter>
    </ClCompile>
    <ClCompile Include="..\src\auto\zz_test_buffered_input_stream.c">
      <Filter>src\auto</Filter>
    </ClCompile>
    <ClCompile Include="..\src\auto\zz_test_read_lines.c">
      <Filter>src\auto</Filter>
    </ClCompile>
    <ClCompile Include="..\src\auto\zz_test_deduce_encoding.c">
      <Filter>src\auto</Filter>
    </ClCompile>
    <ClCompile Include="..\src\zz_generate_char8.c">
      <Filter>src</Filter>
    </ClCompile>
    <ClCompile Include="..\src\auto\zz_test_uuid.c">
      <Filter>src\auto</Filter>
    </ClCompile>
    <ClCompile Include="..\src\manual\zz_manual_test_get_process_id.c">
      <Filter>src\manual</Filter>
    </ClCompile>
    <ClCompile Include="..\src\manual\zz_manual_test_console8.c">
      <Filter>src\manual</Filter>
    </ClCompile>
    <ClCompile Include="..\src\auto\zz_test_date.c">
      <Filter>src\auto</Filter>
    </ClCompile>
  </ItemGroup>
  <ItemGroup>
    <Filter Include="include">
      <UniqueIdentifier>{bf02578f-6aa0-4b06-8a31-1fe9cbe7a67e}</UniqueIdentifier>
    </Filter>
    <Filter Include="src">
      <UniqueIdentifier>{30969a3b-7443-4d6d-b573-5658f87d01b7}</UniqueIdentifier>
    </Filter>
    <Filter Include="src\auto">
      <UniqueIdentifier>{f017827d-a7c0-44ee-b3f0-ffb5fe6df349}</UniqueIdentifier>
    </Filter>
    <Filter Include="src\manual">
      <UniqueIdentifier>{4457c6ce-156e-42c3-b275-585162740757}</UniqueIdentifier>
    </Filter>
    <Filter Include="src\utils">
      <UniqueIdentifier>{427d24f9-6629-4d05-ab85-81384e4de084}</UniqueIdentifier>
    </Filter>
  </ItemGroup>
  <ItemGroup>
    <ClInclude Include="..\include\zz_utils.h">
      <Filter>include</Filter>
    </ClInclude>
  </ItemGroup>
</Project>