<?xml version="1.0" encoding="utf-8"?>
<Project ToolsVersion="4.0" xmlns="http://schemas.microsoft.com/developer/msbuild/2003">
  <ItemGroup>
    <ClCompile Include="..\src\rpr_main.c">
      <Filter>src</Filter>
    </ClCompile>
    <ClCompile Include="..\src\rpr_internal.c">
      <Filter>src</Filter>
    </ClCompile>
    <ClCompile Include="..\src\layer001\rt_memory.c">
      <Filter>src\layer001</Filter>
    </ClCompile>
    <ClCompile Include="..\src\layer002\rt_chrono.c">
      <Filter>src\layer002</Filter>
    </ClCompile>
    <ClCompile Include="..\src\layer002\rt_critical_section.c">
      <Filter>src\layer002</Filter>
    </ClCompile>
    <ClCompile Include="..\src\layer002\rt_error.c">
      <Filter>src\layer002</Filter>
    </ClCompile>
    <ClCompile Include="..\src\layer002\rt_event.c">
      <Filter>src\layer002</Filter>
    </ClCompile>
    <ClCompile Include="..\src\layer002\rt_io_device.c">
      <Filter>src\layer002</Filter>
    </ClCompile>
    <ClCompile Include="..\src\layer002\rt_sleep.c">
      <Filter>src\layer002</Filter>
    </ClCompile>
    <ClCompile Include="..\src\layer002\rt_virtual_memory.c">
      <Filter>src\layer002</Filter>
    </ClCompile>
    <ClCompile Include="..\src\layer003\rt_char.c">
      <Filter>src\layer003</Filter>
    </ClCompile>
    <ClCompile Include="..\src\layer003\rt_char8.c">
      <Filter>src\layer003</Filter>
    </ClCompile>
    <ClCompile Include="..\src\layer003\rt_env_var.c">
      <Filter>src\layer003</Filter>
    </ClCompile>
    <ClCompile Include="..\src\layer003\rt_fast_initialization.c">
      <Filter>src\layer003</Filter>
    </ClCompile>
    <ClCompile Include="..\src\layer003\rt_pipe.c">
      <Filter>src\layer003</Filter>
    </ClCompile>
    <ClCompile Include="..\src\layer003\rt_thread.c">
      <Filter>src\layer003</Filter>
    </ClCompile>
    <ClCompile Include="..\src\layer004\rt_check_rpr.c">
      <Filter>src\layer004</Filter>
    </ClCompile>
    <ClCompile Include="..\src\layer004\rt_file_path.c">
      <Filter>src\layer004</Filter>
    </ClCompile>
    <ClCompile Include="..\src\layer004\rt_base64.c">
      <Filter>src\layer004</Filter>
    </ClCompile>
    <ClCompile Include="..\src\layer004\rt_command_line_args.c">
      <Filter>src\layer004</Filter>
    </ClCompile>
    <ClCompile Include="..\src\layer003\rt_file.c">
      <Filter>src\layer003</Filter>
    </ClCompile>
    <ClCompile Include="..\src\layer004\rt_random.c">
      <Filter>src\layer004</Filter>
    </ClCompile>
    <ClCompile Include="..\src\layer005\rt_file_system.c">
      <Filter>src\layer005</Filter>
    </ClCompile>
    <ClCompile Include="..\src\layer005\rt_temp_file.c">
      <Filter>src\layer005</Filter>
    </ClCompile>
    <ClCompile Include="..\src\layer004\rt_os_version.c">
      <Filter>src\layer004</Filter>
    </ClCompile>
    <ClCompile Include="..\src\layer004\rt_static_heap.c">
      <Filter>src\layer004</Filter>
    </ClCompile>
    <ClCompile Include="..\src\layer005\rt_env_vars.c">
      <Filter>src\layer005</Filter>
    </ClCompile>
    <ClCompile Include="..\src\layer005\rt_console.c">
      <Filter>src\layer005</Filter>
    </ClCompile>
    <ClCompile Include="..\src\layer006\rt_error_message.c">
      <Filter>src\layer006</Filter>
    </ClCompile>
    <ClCompile Include="..\src\layer007\rt_process.c">
      <Filter>src\layer007</Filter>
    </ClCompile>
    <ClCompile Include="..\src\layer002\rt_memory_input_stream.c">
      <Filter>src\layer002</Filter>
    </ClCompile>
    <ClCompile Include="..\src\layer005\rt_runtime_heap.c">
      <Filter>src\layer005</Filter>
    </ClCompile>
    <ClCompile Include="..\src\layer004\rt_page_heap.c">
      <Filter>src\layer004</Filter>
    </ClCompile>
    <ClCompile Include="..\src\layer003\rt_heap.c">
      <Filter>src\layer003</Filter>
    </ClCompile>
    <ClCompile Include="..\src\layer004\rt_memory_output_stream.c">
      <Filter>src\layer004</Filter>
    </ClCompile>
    <ClCompile Include="..\src\layer002\rt_slurp.c">
      <Filter>src\layer002</Filter>
    </ClCompile>
    <ClCompile Include="..\src\layer004\rt_encoding.c">
      <Filter>src\layer004</Filter>
    </ClCompile>
    <ClCompile Include="..\src\layer004\rt_small_file.c">
      <Filter>src\layer004</Filter>
    </ClCompile>
    <ClCompile Include="..\src\layer004\rt_array.c">
      <Filter>src\layer004</Filter>
    </ClCompile>
    <ClCompile Include="..\src\layer002\rt_quick_sort.c">
      <Filter>src\layer002</Filter>
    </ClCompile>
    <ClCompile Include="..\src\layer002\rt_binary_search.c">
      <Filter>src\layer002</Filter>
    </ClCompile>
    <ClCompile Include="..\src\layer005\rt_sortable_array.c">
      <Filter>src\layer005</Filter>
    </ClCompile>
    <ClCompile Include="..\src\layer004\rt_url.c">
      <Filter>src\layer004</Filter>
    </ClCompile>
    <ClCompile Include="..\src\layer005\rt_socket_address.c">
      <Filter>src\layer005</Filter>
    </ClCompile>
    <ClCompile Include="..\src\layer006\rt_socket.c">
      <Filter>src\layer006</Filter>
    </ClCompile>
    <ClCompile Include="..\src\layer007\rt_select.c">
      <Filter>src\layer007</Filter>
    </ClCompile>
    <ClCompile Include="..\src\layer004\rt_address.c">
      <Filter>src\layer004</Filter>
    </ClCompile>
  </ItemGroup>
  <ItemGroup>
    <ClInclude Include="..\include\rpr.h">
      <Filter>include</Filter>
    </ClInclude>
    <ClInclude Include="..\include\rpr_main.h">
      <Filter>include</Filter>
    </ClInclude>
    <ClInclude Include="..\include\rpr_mem.h">
      <Filter>include</Filter>
    </ClInclude>
    <ClInclude Include="..\include\layer000\rt_types.h">
      <Filter>include\layer000</Filter>
    </ClInclude>
    <ClInclude Include="..\include\layer001\rt_atomic.h">
      <Filter>include\layer001</Filter>
    </ClInclude>
    <ClInclude Include="..\include\layer001\rt_input_stream.h">
      <Filter>include\layer001</Filter>
    </ClInclude>
    <ClInclude Include="..\include\layer001\rt_memory.h">
      <Filter>include\layer001</Filter>
    </ClInclude>
    <ClInclude Include="..\include\layer001\rt_os_headers.h">
      <Filter>include\layer001</Filter>
    </ClInclude>
    <ClInclude Include="..\include\layer001\rt_output_stream.h">
      <Filter>include\layer001</Filter>
    </ClInclude>
    <ClInclude Include="..\include\layer002\rt_chrono.h">
      <Filter>include\layer002</Filter>
    </ClInclude>
    <ClInclude Include="..\include\layer002\rt_critical_section.h">
      <Filter>include\layer002</Filter>
    </ClInclude>
    <ClInclude Include="..\include\layer002\rt_error.h">
      <Filter>include\layer002</Filter>
    </ClInclude>
    <ClInclude Include="..\include\layer002\rt_event.h">
      <Filter>include\layer002</Filter>
    </ClInclude>
    <ClInclude Include="..\include\layer002\rt_io_device.h">
      <Filter>include\layer002</Filter>
    </ClInclude>
    <ClInclude Include="..\include\layer002\rt_sleep.h">
      <Filter>include\layer002</Filter>
    </ClInclude>
    <ClInclude Include="..\include\layer002\rt_virtual_memory.h">
      <Filter>include\layer002</Filter>
    </ClInclude>
    <ClInclude Include="..\include\layer003\rt_char.h">
      <Filter>include\layer003</Filter>
    </ClInclude>
    <ClInclude Include="..\include\layer003\rt_char8.h">
      <Filter>include\layer003</Filter>
    </ClInclude>
    <ClInclude Include="..\include\layer003\rt_env_var.h">
      <Filter>include\layer003</Filter>
    </ClInclude>
    <ClInclude Include="..\include\layer003\rt_fast_initialization.h">
      <Filter>include\layer003</Filter>
    </ClInclude>
    <ClInclude Include="..\include\layer003\rt_pipe.h">
      <Filter>include\layer003</Filter>
    </ClInclude>
    <ClInclude Include="..\include\layer003\rt_thread.h">
      <Filter>include\layer003</Filter>
    </ClInclude>
    <ClInclude Include="..\include\layer004\rt_check_rpr.h">
      <Filter>include\layer004</Filter>
    </ClInclude>
    <ClInclude Include="..\include\layer004\rt_file_path.h">
      <Filter>include\layer004</Filter>
    </ClInclude>
    <ClInclude Include="..\include\layer004\rt_base64.h">
      <Filter>include\layer004</Filter>
    </ClInclude>
    <ClInclude Include="..\include\layer004\rt_command_line_args.h">
      <Filter>include\layer004</Filter>
    </ClInclude>
    <ClInclude Include="..\include\layer005\rt_temp_file.h">
      <Filter>include\layer005</Filter>
    </ClInclude>
    <ClInclude Include="..\include\layer004\rt_random.h">
      <Filter>include\layer004</Filter>
    </ClInclude>
    <ClInclude Include="..\include\layer003\rt_file.h">
      <Filter>include\layer003</Filter>
    </ClInclude>
    <ClInclude Include="..\include\layer005\rt_file_system.h">
      <Filter>include\layer005</Filter>
    </ClInclude>
    <ClInclude Include="..\include\layer004\rt_os_version.h">
      <Filter>include\layer004</Filter>
    </ClInclude>
    <ClInclude Include="..\include\layer004\rt_static_heap.h">
      <Filter>include\layer004</Filter>
    </ClInclude>
    <ClInclude Include="..\include\layer005\rt_env_vars.h">
      <Filter>include\layer005</Filter>
    </ClInclude>
    <ClInclude Include="..\include\layer005\rt_console.h">
      <Filter>include\layer005</Filter>
    </ClInclude>
    <ClInclude Include="..\include\layer006\rt_error_message.h">
      <Filter>include\layer006</Filter>
    </ClInclude>
    <ClInclude Include="..\include\layer007\rt_process.h">
      <Filter>include\layer007</Filter>
    </ClInclude>
    <ClInclude Include="..\include\layer002\rt_memory_input_stream.h">
      <Filter>include\layer002</Filter>
    </ClInclude>
    <ClInclude Include="..\include\layer005\rt_runtime_heap.h">
      <Filter>include\layer005</Filter>
    </ClInclude>
    <ClInclude Include="..\include\layer003\rt_heap.h">
      <Filter>include\layer003</Filter>
    </ClInclude>
    <ClInclude Include="..\include\layer004\rt_page_heap.h">
      <Filter>include\layer004</Filter>
    </ClInclude>
    <ClInclude Include="..\include\layer004\rt_memory_output_stream.h">
      <Filter>include\layer004</Filter>
    </ClInclude>
    <ClInclude Include="..\include\layer002\rt_slurp.h">
      <Filter>include\layer002</Filter>
    </ClInclude>
    <ClInclude Include="..\include\layer004\rt_encoding.h">
      <Filter>include\layer004</Filter>
    </ClInclude>
    <ClInclude Include="..\include\layer004\rt_small_file.h">
      <Filter>include\layer004</Filter>
    </ClInclude>
    <ClInclude Include="..\include\layer004\rt_array.h">
      <Filter>include\layer004</Filter>
    </ClInclude>
    <ClInclude Include="..\include\layer001\rt_comparison.h">
      <Filter>include\layer001</Filter>
    </ClInclude>
    <ClInclude Include="..\include\layer002\rt_quick_sort.h">
      <Filter>include\layer002</Filter>
    </ClInclude>
    <ClInclude Include="..\include\layer002\rt_binary_search.h">
      <Filter>include\layer002</Filter>
    </ClInclude>
    <ClInclude Include="..\include\layer005\rt_sortable_array.h">
      <Filter>include\layer005</Filter>
    </ClInclude>
    <ClInclude Include="..\include\layer004\rt_url.h">
      <Filter>include\layer004</Filter>
    </ClInclude>
    <ClInclude Include="..\include\layer005\rt_socket_address.h">
      <Filter>include\layer005</Filter>
    </ClInclude>
    <ClInclude Include="..\include\layer006\rt_socket.h">
      <Filter>include\layer006</Filter>
    </ClInclude>
    <ClInclude Include="..\include\layer007\rt_select.h">
      <Filter>include\layer007</Filter>
    </ClInclude>
    <ClInclude Include="..\include\layer004\rt_address.h">
      <Filter>include\layer004</Filter>
    </ClInclude>
  </ItemGroup>
  <ItemGroup>
    <Filter Include="include">
      <UniqueIdentifier>{8f6b92b6-4b17-4481-82cd-e5730c462a06}</UniqueIdentifier>
    </Filter>
    <Filter Include="include\layer000">
      <UniqueIdentifier>{4327923f-e840-4d5b-a561-548252ca1186}</UniqueIdentifier>
    </Filter>
    <Filter Include="include\layer001">
      <UniqueIdentifier>{8eab21a5-6e26-41cf-8902-c049a099bbcb}</UniqueIdentifier>
    </Filter>
    <Filter Include="include\layer002">
      <UniqueIdentifier>{5bd8af7f-9d05-49da-a180-ffe6b1e878d7}</UniqueIdentifier>
    </Filter>
    <Filter Include="include\layer003">
      <UniqueIdentifier>{1f38c55e-db39-4a4d-b7e4-d4b0c020548a}</UniqueIdentifier>
    </Filter>
    <Filter Include="include\layer004">
      <UniqueIdentifier>{a1ce83d5-56cc-4776-95e3-338edd2e14ae}</UniqueIdentifier>
    </Filter>
    <Filter Include="include\layer005">
      <UniqueIdentifier>{e555729b-e5b5-4ea4-aa2e-32f503933957}</UniqueIdentifier>
    </Filter>
    <Filter Include="src">
      <UniqueIdentifier>{d69b7acb-9ad9-45bb-b6c3-739bb3f1bffe}</UniqueIdentifier>
    </Filter>
    <Filter Include="src\layer001">
      <UniqueIdentifier>{5b1c1eb9-74d7-4d0c-8a0b-8b1cc9c4096e}</UniqueIdentifier>
    </Filter>
    <Filter Include="src\layer002">
      <UniqueIdentifier>{c881e6c3-cd1e-436f-90a9-cca6dcfe773f}</UniqueIdentifier>
    </Filter>
    <Filter Include="src\layer003">
      <UniqueIdentifier>{25863da5-a7c4-4fef-9507-23ce3719bd63}</UniqueIdentifier>
    </Filter>
    <Filter Include="src\layer004">
      <UniqueIdentifier>{0b8ed751-7619-4026-94b7-3eec732b97ad}</UniqueIdentifier>
    </Filter>
    <Filter Include="src\layer005">
      <UniqueIdentifier>{d399eacb-f0ec-4d93-82b2-10da397a8256}</UniqueIdentifier>
    </Filter>
    <Filter Include="include\layer006">
      <UniqueIdentifier>{1feefb62-1689-4dc8-9c7e-9798def3078b}</UniqueIdentifier>
    </Filter>
    <Filter Include="src\layer006">
      <UniqueIdentifier>{b597bb26-312e-4b35-be7e-699186a9ba4c}</UniqueIdentifier>
    </Filter>
    <Filter Include="include\layer007">
      <UniqueIdentifier>{040ff065-aea2-4eb5-a432-301a37278fcd}</UniqueIdentifier>
    </Filter>
    <Filter Include="src\layer007">
      <UniqueIdentifier>{5955379e-633f-44b5-b27a-858d9a4ac93e}</UniqueIdentifier>
    </Filter>
  </ItemGroup>
</Project>