<?xml version="1.0" encoding="UTF-8" standalone="yes" ?>
<CodeBlocks_project_file>
	<FileVersion major="1" minor="6" />
	<Project>
		<Option title="rpr" />
		<Option pch_mode="2" />
		<Option compiler="gcc" />
		<Build>
			<Target title="Win64Debug">
				<Option platforms="Windows;" />
				<Option output="../lib/rprd" prefix_auto="1" extension_auto="1" />
				<Option working_dir="" />
				<Option object_output="../obj/debug/" />
				<Option type="2" />
				<Option compiler="gcc" />
				<Option createDefFile="1" />
				<Compiler>
					<Add option="-g" />
					<Add option="-D_DEBUG" />
					<Add option="-DWIN32" />
				</Compiler>
			</Target>
			<Target title="Win64Release">
				<Option platforms="Windows;" />
				<Option output="../lib/rpr" prefix_auto="1" extension_auto="1" />
				<Option working_dir="" />
				<Option object_output="../obj/release/" />
				<Option type="2" />
				<Option compiler="gcc" />
				<Option createDefFile="1" />
				<Compiler>
					<Add option="-O2" />
					<Add option="-DNDEBUG" />
					<Add option="-DWIN32" />
				</Compiler>
				<Linker>
					<Add option="-s" />
				</Linker>
			</Target>
			<Target title="Linux64Debug">
				<Option platforms="Unix;" />
				<Option output="../lib/rprd" prefix_auto="1" extension_auto="1" />
				<Option working_dir="" />
				<Option object_output="../obj/debug/" />
				<Option type="2" />
				<Option compiler="gcc" />
				<Option createDefFile="1" />
				<Compiler>
					<Add option="-g" />
					<Add option="-D_DEBUG" />
				</Compiler>
			</Target>
			<Target title="Linux64Release">
				<Option platforms="Unix;" />
				<Option output="../lib/rpr" prefix_auto="1" extension_auto="1" />
				<Option working_dir="" />
				<Option object_output="../obj/release/" />
				<Option type="2" />
				<Option compiler="gcc" />
				<Option createDefFile="1" />
				<Compiler>
					<Add option="-O2" />
					<Add option="-DNDEBUG" />
				</Compiler>
				<Linker>
					<Add option="-s" />
				</Linker>
			</Target>
		</Build>
		<Compiler>
			<Add option="-pedantic" />
			<Add option="-Wall" />
			<Add option="-ansi" />
			<Add option="-mno-stack-arg-probe -fno-stack-check -fno-stack-protector -finput-charset=cp1252 -Wno-long-long" />
			<Add directory="../include" />
		</Compiler>
		<Unit filename="../include/layer000/rt_types.h" />
		<Unit filename="../include/layer001/rt_atomic.h" />
		<Unit filename="../include/layer001/rt_input_stream.h" />
		<Unit filename="../include/layer001/rt_memory.h" />
		<Unit filename="../include/layer001/rt_os_headers.h" />
		<Unit filename="../include/layer001/rt_output_stream.h" />
		<Unit filename="../include/layer002/rt_chrono.h" />
		<Unit filename="../include/layer002/rt_critical_section.h" />
		<Unit filename="../include/layer002/rt_error.h" />
		<Unit filename="../include/layer002/rt_event.h" />
		<Unit filename="../include/layer002/rt_io_device.h" />
		<Unit filename="../include/layer002/rt_sleep.h" />
		<Unit filename="../include/layer002/rt_virtual_memory.h" />
		<Unit filename="../include/layer003/rt_char8.h" />
		<Unit filename="../include/layer003/rt_pipe.h" />
		<Unit filename="../include/layer003/rt_thread.h" />
		<Unit filename="../include/layer004/rt_check_rpr.h" />
		<Unit filename="../include/rpr.h" />
		<Unit filename="../include/rpr_main.h" />
		<Unit filename="../include/rpr_mem.h" />
		<Unit filename="../src/layer001/rt_memory.c">
			<Option compilerVar="CC" />
		</Unit>
		<Unit filename="../src/layer002/rt_chrono.c">
			<Option compilerVar="CC" />
		</Unit>
		<Unit filename="../src/layer002/rt_critical_section.c">
			<Option compilerVar="CC" />
		</Unit>
		<Unit filename="../src/layer002/rt_error.c">
			<Option compilerVar="CC" />
		</Unit>
		<Unit filename="../src/layer002/rt_event.c">
			<Option compilerVar="CC" />
		</Unit>
		<Unit filename="../src/layer002/rt_io_device.c">
			<Option compilerVar="CC" />
		</Unit>
		<Unit filename="../src/layer002/rt_sleep.c">
			<Option compilerVar="CC" />
		</Unit>
		<Unit filename="../src/layer002/rt_virtual_memory.c">
			<Option compilerVar="CC" />
		</Unit>
		<Unit filename="../src/layer003/rt_char8.c">
			<Option compilerVar="CC" />
		</Unit>
		<Unit filename="../src/layer003/rt_pipe.c">
			<Option compilerVar="CC" />
		</Unit>
		<Unit filename="../src/layer003/rt_thread.c">
			<Option compilerVar="CC" />
		</Unit>
		<Unit filename="../src/layer004/rt_check_rpr.c">
			<Option compilerVar="CC" />
		</Unit>
		<Unit filename="../src/rpr_internal.c">
			<Option compilerVar="CC" />
		</Unit>
		<Unit filename="../src/rpr_main.c">
			<Option compilerVar="CC" />
		</Unit>
		<Extensions>
			<lib_finder disable_auto="1" />
		</Extensions>
	</Project>
</CodeBlocks_project_file>
